
Microsoft Visual Studio Solution File, Format Version 12.00
# Visual Studio Version 17
VisualStudioVersion = 17.7.34302.85
MinimumVisualStudioVersion = 10.0.40219.1
Project("{9A19103F-16F7-4668-BE54-9A1E7A4F7556}") = "Client", "Client\Client.csproj", "{7F05E766-2654-4BAE-891C-8B4056B7DF3B}"
EndProject
Project("{9A19103F-16F7-4668-BE54-9A1E7A4F7556}") = "Manager", "Manager\Manager.csproj", "{402C472D-3076-4FA6-8C9C-7A2760270316}"
EndProject
Global
	GlobalSection(SolutionConfigurationPlatforms) = preSolution
		Debug|Any CPU = Debug|Any CPU
		Release|Any CPU = Release|Any CPU
	EndGlobalSection
	GlobalSection(ProjectConfigurationPlatforms) = postSolution
		{7F05E766-2654-4BAE-891C-8B4056B7DF3B}.Debug|Any CPU.ActiveCfg = Debug|Any CPU
		{7F05E766-2654-4BAE-891C-8B4056B7DF3B}.Debug|Any CPU.Build.0 = Debug|Any CPU
		{7F05E766-2654-4BAE-891C-8B4056B7DF3B}.Release|Any CPU.ActiveCfg = Release|Any CPU
		{7F05E766-2654-4BAE-891C-8B4056B7DF3B}.Release|Any CPU.Build.0 = Release|Any CPU
		{402C472D-3076-4FA6-8C9C-7A2760270316}.Debug|Any CPU.ActiveCfg = Debug|Any CPU
		{402C472D-3076-4FA6-8C9C-7A2760270316}.Debug|Any CPU.Build.0 = Debug|Any CPU
		{402C472D-3076-4FA6-8C9C-7A2760270316}.Release|Any CPU.ActiveCfg = Release|Any CPU
		{402C472D-3076-4FA6-8C9C-7A2760270316}.Release|Any CPU.Build.0 = Release|Any CPU
	EndGlobalSection
	GlobalSection(SolutionProperties) = preSolution
		HideSolutionNode = FALSE
	EndGlobalSection
	GlobalSection(ExtensibilityGlobals) = postSolution
		SolutionGuid = {A119950F-3330-442A-9DFD-BA0A49A79808}
	EndGlobalSection
EndGlobal
